
Microsoft Visual Studio Solution File, Format Version 12.00
# Visual Studio 15
VisualStudioVersion = 15.0.28307.168
MinimumVisualStudioVersion = 10.0.40219.1
Project("{9A19103F-16F7-4668-BE54-9A1E7A4F7556}") = "OHLCProcessor", "OHLCProcessor\OHLCProcessor.csproj", "{44D0AD0C-55E0-4518-8EE1-A1A143D749C3}"
EndProject
Project("{9A19103F-16F7-4668-BE54-9A1E7A4F7556}") = "DataAccessLayer", "DataAccessLayer\DataAccessLayer.csproj", "{A76F59F1-9D8A-40D3-9168-12A7A74392DF}"
EndProject
Project("{FAE04EC0-301F-11D3-BF4B-00C04F79EFBC}") = "APIInterfaceLayer", "APIInterfaceLayer\APIInterfaceLayer.csproj", "{27B4EDA0-1609-4588-B651-D9EB42223A53}"
EndProject
Project("{FAE04EC0-301F-11D3-BF4B-00C04F79EFBC}") = "BusinessLogicLayer", "BusinessLogicLayer\BusinessLogicLayer.csproj", "{22B708CB-5B95-48FC-ACB5-B3EA4B5DAEC4}"
EndProject
Global
	GlobalSection(SolutionConfigurationPlatforms) = preSolution
		Debug|Any CPU = Debug|Any CPU
		Release|Any CPU = Release|Any CPU
	EndGlobalSection
	GlobalSection(ProjectConfigurationPlatforms) = postSolution
		{44D0AD0C-55E0-4518-8EE1-A1A143D749C3}.Debug|Any CPU.ActiveCfg = Debug|Any CPU
		{44D0AD0C-55E0-4518-8EE1-A1A143D749C3}.Debug|Any CPU.Build.0 = Debug|Any CPU
		{44D0AD0C-55E0-4518-8EE1-A1A143D749C3}.Release|Any CPU.ActiveCfg = Release|Any CPU
		{44D0AD0C-55E0-4518-8EE1-A1A143D749C3}.Release|Any CPU.Build.0 = Release|Any CPU
		{A76F59F1-9D8A-40D3-9168-12A7A74392DF}.Debug|Any CPU.ActiveCfg = Debug|Any CPU
		{A76F59F1-9D8A-40D3-9168-12A7A74392DF}.Debug|Any CPU.Build.0 = Debug|Any CPU
		{A76F59F1-9D8A-40D3-9168-12A7A74392DF}.Release|Any CPU.ActiveCfg = Release|Any CPU
		{A76F59F1-9D8A-40D3-9168-12A7A74392DF}.Release|Any CPU.Build.0 = Release|Any CPU
		{27B4EDA0-1609-4588-B651-D9EB42223A53}.Debug|Any CPU.ActiveCfg = Debug|Any CPU
		{27B4EDA0-1609-4588-B651-D9EB42223A53}.Debug|Any CPU.Build.0 = Debug|Any CPU
		{27B4EDA0-1609-4588-B651-D9EB42223A53}.Release|Any CPU.ActiveCfg = Release|Any CPU
		{27B4EDA0-1609-4588-B651-D9EB42223A53}.Release|Any CPU.Build.0 = Release|Any CPU
		{22B708CB-5B95-48FC-ACB5-B3EA4B5DAEC4}.Debug|Any CPU.ActiveCfg = Debug|Any CPU
		{22B708CB-5B95-48FC-ACB5-B3EA4B5DAEC4}.Debug|Any CPU.Build.0 = Debug|Any CPU
		{22B708CB-5B95-48FC-ACB5-B3EA4B5DAEC4}.Release|Any CPU.ActiveCfg = Release|Any CPU
		{22B708CB-5B95-48FC-ACB5-B3EA4B5DAEC4}.Release|Any CPU.Build.0 = Release|Any CPU
	EndGlobalSection
	GlobalSection(SolutionProperties) = preSolution
		HideSolutionNode = FALSE
	EndGlobalSection
	GlobalSection(ExtensibilityGlobals) = postSolution
		SolutionGuid = {897D3A73-EE6F-4AFE-A66B-02ADD8977850}
	EndGlobalSection
EndGlobal
