
Microsoft Visual Studio Solution File, Format Version 12.00
# Visual Studio 15
VisualStudioVersion = 15.0.28307.168
MinimumVisualStudioVersion = 10.0.40219.1
Project("{FAE04EC0-301F-11D3-BF4B-00C04F79EFBC}") = "AzTGWindowsApp", "AzTGWindowsApp\AzTGWindowsApp.csproj", "{AD87A3DB-FCDF-4510-AB0A-B2D3D73E0B80}"
EndProject
Project("{F184B08F-C81C-45F6-A57F-5ABD9991F28F}") = "HelloUpstoxV2", "HelloUpstoxV2\HelloUpstoxV2.vbproj", "{D73A5950-0A30-4986-826F-F62749FE98EB}"
EndProject
Project("{FAE04EC0-301F-11D3-BF4B-00C04F79EFBC}") = "AzTGDataLayer", "AzTGDataLayer\AzTGDataLayer.csproj", "{1F26E44F-EE2B-4997-95FB-18B7D58FDCC6}"
EndProject
Global
	GlobalSection(SolutionConfigurationPlatforms) = preSolution
		Debug|Any CPU = Debug|Any CPU
		Release|Any CPU = Release|Any CPU
	EndGlobalSection
	GlobalSection(ProjectConfigurationPlatforms) = postSolution
		{AD87A3DB-FCDF-4510-AB0A-B2D3D73E0B80}.Debug|Any CPU.ActiveCfg = Debug|Any CPU
		{AD87A3DB-FCDF-4510-AB0A-B2D3D73E0B80}.Debug|Any CPU.Build.0 = Debug|Any CPU
		{AD87A3DB-FCDF-4510-AB0A-B2D3D73E0B80}.Release|Any CPU.ActiveCfg = Release|Any CPU
		{AD87A3DB-FCDF-4510-AB0A-B2D3D73E0B80}.Release|Any CPU.Build.0 = Release|Any CPU
		{D73A5950-0A30-4986-826F-F62749FE98EB}.Debug|Any CPU.ActiveCfg = Debug|Any CPU
		{D73A5950-0A30-4986-826F-F62749FE98EB}.Debug|Any CPU.Build.0 = Debug|Any CPU
		{D73A5950-0A30-4986-826F-F62749FE98EB}.Release|Any CPU.ActiveCfg = Release|Any CPU
		{D73A5950-0A30-4986-826F-F62749FE98EB}.Release|Any CPU.Build.0 = Release|Any CPU
		{1F26E44F-EE2B-4997-95FB-18B7D58FDCC6}.Debug|Any CPU.ActiveCfg = Debug|Any CPU
		{1F26E44F-EE2B-4997-95FB-18B7D58FDCC6}.Debug|Any CPU.Build.0 = Debug|Any CPU
		{1F26E44F-EE2B-4997-95FB-18B7D58FDCC6}.Release|Any CPU.ActiveCfg = Release|Any CPU
		{1F26E44F-EE2B-4997-95FB-18B7D58FDCC6}.Release|Any CPU.Build.0 = Release|Any CPU
	EndGlobalSection
	GlobalSection(SolutionProperties) = preSolution
		HideSolutionNode = FALSE
	EndGlobalSection
	GlobalSection(ExtensibilityGlobals) = postSolution
		SolutionGuid = {828F467C-CD15-4E88-9AD2-EBCF1211D3CF}
	EndGlobalSection
EndGlobal
