
Microsoft Visual Studio Solution File, Format Version 12.00
# Visual Studio 15
VisualStudioVersion = 15.0.28307.168
MinimumVisualStudioVersion = 10.0.40219.1
Project("{FAE04EC0-301F-11D3-BF4B-00C04F79EFBC}") = "TradeGenie", "TradeGenie\TradeGenie.csproj", "{BBA95A7F-2DA9-4033-9C54-916B661692AE}"
EndProject
Project("{FAE04EC0-301F-11D3-BF4B-00C04F79EFBC}") = "APIInterfaceLayer", "APIInterfaceLayer\APIInterfaceLayer.csproj", "{794CA0A5-26BF-43F3-9533-63A682383F2D}"
EndProject
Project("{FAE04EC0-301F-11D3-BF4B-00C04F79EFBC}") = "BusinessLogicLayer", "BusinessLogicLayer\BusinessLogicLayer.csproj", "{A3AC6A11-E103-46D9-BE14-E5218C0AA872}"
EndProject
Project("{FAE04EC0-301F-11D3-BF4B-00C04F79EFBC}") = "DataAccessLayer", "DataAccessLayer\DataAccessLayer.csproj", "{5E67BCE0-18F1-47E1-BB90-F236F5E2DA1D}"
EndProject
Project("{FAE04EC0-301F-11D3-BF4B-00C04F79EFBC}") = "Utilities", "Utilities\Utilities.csproj", "{797B02B7-B950-41B8-911C-9CE514820FA9}"
EndProject
Global
	GlobalSection(SolutionConfigurationPlatforms) = preSolution
		Debug|Any CPU = Debug|Any CPU
		Release|Any CPU = Release|Any CPU
	EndGlobalSection
	GlobalSection(ProjectConfigurationPlatforms) = postSolution
		{BBA95A7F-2DA9-4033-9C54-916B661692AE}.Debug|Any CPU.ActiveCfg = Debug|Any CPU
		{BBA95A7F-2DA9-4033-9C54-916B661692AE}.Debug|Any CPU.Build.0 = Debug|Any CPU
		{BBA95A7F-2DA9-4033-9C54-916B661692AE}.Release|Any CPU.ActiveCfg = Release|Any CPU
		{BBA95A7F-2DA9-4033-9C54-916B661692AE}.Release|Any CPU.Build.0 = Release|Any CPU
		{794CA0A5-26BF-43F3-9533-63A682383F2D}.Debug|Any CPU.ActiveCfg = Debug|Any CPU
		{794CA0A5-26BF-43F3-9533-63A682383F2D}.Debug|Any CPU.Build.0 = Debug|Any CPU
		{794CA0A5-26BF-43F3-9533-63A682383F2D}.Release|Any CPU.ActiveCfg = Release|Any CPU
		{794CA0A5-26BF-43F3-9533-63A682383F2D}.Release|Any CPU.Build.0 = Release|Any CPU
		{A3AC6A11-E103-46D9-BE14-E5218C0AA872}.Debug|Any CPU.ActiveCfg = Debug|Any CPU
		{A3AC6A11-E103-46D9-BE14-E5218C0AA872}.Debug|Any CPU.Build.0 = Debug|Any CPU
		{A3AC6A11-E103-46D9-BE14-E5218C0AA872}.Release|Any CPU.ActiveCfg = Release|Any CPU
		{A3AC6A11-E103-46D9-BE14-E5218C0AA872}.Release|Any CPU.Build.0 = Release|Any CPU
		{5E67BCE0-18F1-47E1-BB90-F236F5E2DA1D}.Debug|Any CPU.ActiveCfg = Debug|Any CPU
		{5E67BCE0-18F1-47E1-BB90-F236F5E2DA1D}.Debug|Any CPU.Build.0 = Debug|Any CPU
		{5E67BCE0-18F1-47E1-BB90-F236F5E2DA1D}.Release|Any CPU.ActiveCfg = Release|Any CPU
		{5E67BCE0-18F1-47E1-BB90-F236F5E2DA1D}.Release|Any CPU.Build.0 = Release|Any CPU
		{797B02B7-B950-41B8-911C-9CE514820FA9}.Debug|Any CPU.ActiveCfg = Debug|Any CPU
		{797B02B7-B950-41B8-911C-9CE514820FA9}.Debug|Any CPU.Build.0 = Debug|Any CPU
		{797B02B7-B950-41B8-911C-9CE514820FA9}.Release|Any CPU.ActiveCfg = Release|Any CPU
		{797B02B7-B950-41B8-911C-9CE514820FA9}.Release|Any CPU.Build.0 = Release|Any CPU
	EndGlobalSection
	GlobalSection(SolutionProperties) = preSolution
		HideSolutionNode = FALSE
	EndGlobalSection
	GlobalSection(ExtensibilityGlobals) = postSolution
		SolutionGuid = {2B548878-866A-4D8E-85D1-038C4A2FAE83}
	EndGlobalSection
EndGlobal
